
Microsoft Visual Studio Solution File, Format Version 12.00
# Visual Studio Version 17
VisualStudioVersion = 17.1.32328.378
MinimumVisualStudioVersion = 10.0.40219.1
Project("{9A19103F-16F7-4668-BE54-9A1E7A4F7556}") = "UnitTesting.App", "UnitTesting.App\UnitTesting.App.csproj", "{8BE582D2-EC0C-40BF-AD66-D1CF92D896A8}"
EndProject
Project("{9A19103F-16F7-4668-BE54-9A1E7A4F7556}") = "SW.Payroll", "SW.Payroll\SW.Payroll.csproj", "{4C6EDCD9-4E67-4721-AD75-CAF62C5920E1}"
EndProject
Project("{FAE04EC0-301F-11D3-BF4B-00C04F79EFBC}") = "SW.Payroll.Tests", "SW.Payroll.Tests\SW.Payroll.Tests.csproj", "{A1998312-56B9-4766-B1E7-AC3C53D13505}"
EndProject
Global
	GlobalSection(SolutionConfigurationPlatforms) = preSolution
		Debug|Any CPU = Debug|Any CPU
		Release|Any CPU = Release|Any CPU
	EndGlobalSection
	GlobalSection(ProjectConfigurationPlatforms) = postSolution
		{8BE582D2-EC0C-40BF-AD66-D1CF92D896A8}.Debug|Any CPU.ActiveCfg = Debug|Any CPU
		{8BE582D2-EC0C-40BF-AD66-D1CF92D896A8}.Debug|Any CPU.Build.0 = Debug|Any CPU
		{8BE582D2-EC0C-40BF-AD66-D1CF92D896A8}.Release|Any CPU.ActiveCfg = Release|Any CPU
		{8BE582D2-EC0C-40BF-AD66-D1CF92D896A8}.Release|Any CPU.Build.0 = Release|Any CPU
		{4C6EDCD9-4E67-4721-AD75-CAF62C5920E1}.Debug|Any CPU.ActiveCfg = Debug|Any CPU
		{4C6EDCD9-4E67-4721-AD75-CAF62C5920E1}.Debug|Any CPU.Build.0 = Debug|Any CPU
		{4C6EDCD9-4E67-4721-AD75-CAF62C5920E1}.Release|Any CPU.ActiveCfg = Release|Any CPU
		{4C6EDCD9-4E67-4721-AD75-CAF62C5920E1}.Release|Any CPU.Build.0 = Release|Any CPU
		{A1998312-56B9-4766-B1E7-AC3C53D13505}.Debug|Any CPU.ActiveCfg = Debug|Any CPU
		{A1998312-56B9-4766-B1E7-AC3C53D13505}.Debug|Any CPU.Build.0 = Debug|Any CPU
		{A1998312-56B9-4766-B1E7-AC3C53D13505}.Release|Any CPU.ActiveCfg = Release|Any CPU
		{A1998312-56B9-4766-B1E7-AC3C53D13505}.Release|Any CPU.Build.0 = Release|Any CPU
	EndGlobalSection
	GlobalSection(SolutionProperties) = preSolution
		HideSolutionNode = FALSE
	EndGlobalSection
	GlobalSection(ExtensibilityGlobals) = postSolution
		SolutionGuid = {9DD629B7-ED55-4A08-9498-7F8484D693F1}
	EndGlobalSection
EndGlobal
